// !$*UTF8*$!
{
	archiveVersion = 1;
	classes = {
	};
	objectVersion = 50;
	objects = {

/* Begin PBXBuildFile section */
		AC496DDF2207C4E300FBE555 /* AppDelegate.swift in Sources */ = {isa = PBXBuildFile; fileRef = AC496DDE2207C4E300FBE555 /* AppDelegate.swift */; };
		AC496DE12207C4E300FBE555 /* ViewController.swift in Sources */ = {isa = PBXBuildFile; fileRef = AC496DE02207C4E300FBE555 /* ViewController.swift */; };
		AC496DE42207C4E300FBE555 /* Main.storyboard in Resources */ = {isa = PBXBuildFile; fileRef = AC496DE22207C4E300FBE555 /* Main.storyboard */; };
		AC496DE72207C4E300FBE555 /* lifecounter2.xcdatamodeld in Sources */ = {isa = PBXBuildFile; fileRef = AC496DE52207C4E300FBE555 /* lifecounter2.xcdatamodeld */; };
		AC496DE92207C4E500FBE555 /* Assets.xcassets in Resources */ = {isa = PBXBuildFile; fileRef = AC496DE82207C4E500FBE555 /* Assets.xcassets */; };
		AC496DEC2207C4E500FBE555 /* LaunchScreen.storyboard in Resources */ = {isa = PBXBuildFile; fileRef = AC496DEA2207C4E500FBE555 /* LaunchScreen.storyboard */; };
		AC496DF72207C4E500FBE555 /* lifecounter2Tests.swift in Sources */ = {isa = PBXBuildFile; fileRef = AC496DF62207C4E500FBE555 /* lifecounter2Tests.swift */; };
		AC496E022207C4E500FBE555 /* lifecounter2UITests.swift in Sources */ = {isa = PBXBuildFile; fileRef = AC496E012207C4E500FBE555 /* lifecounter2UITests.swift */; };
		AC7677CE22080D260055D433 /* history.swift in Sources */ = {isa = PBXBuildFile; fileRef = AC7677CD22080D260055D433 /* history.swift */; };
/* End PBXBuildFile section */

/* Begin PBXContainerItemProxy section */
		AC496DF32207C4E500FBE555 /* PBXContainerItemProxy */ = {
			isa = PBXContainerItemProxy;
			containerPortal = AC496DD32207C4E300FBE555 /* Project object */;
			proxyType = 1;
			remoteGlobalIDString = AC496DDA2207C4E300FBE555;
			remoteInfo = lifecounter2;
		};
		AC496DFE2207C4E500FBE555 /* PBXContainerItemProxy */ = {
			isa = PBXContainerItemProxy;
			containerPortal = AC496DD32207C4E300FBE555 /* Project object */;
			proxyType = 1;
			remoteGlobalIDString = AC496DDA2207C4E300FBE555;
			remoteInfo = lifecounter2;
		};
/* End PBXContainerItemProxy section */

/* Begin PBXFileReference section */
		AC496DDB2207C4E300FBE555 /* lifecounter2.app */ = {isa = PBXFileReference; explicitFileType = wrapper.application; includeInIndex = 0; path = lifecounter2.app; sourceTree = BUILT_PRODUCTS_DIR; };
		AC496DDE2207C4E300FBE555 /* AppDelegate.swift */ = {isa = PBXFileReference; lastKnownFileType = sourcecode.swift; path = AppDelegate.swift; sourceTree = "<group>"; };
		AC496DE02207C4E300FBE555 /* ViewController.swift */ = {isa = PBXFileReference; lastKnownFileType = sourcecode.swift; path = ViewController.swift; sourceTree = "<group>"; };
		AC496DE32207C4E300FBE555 /* Base */ = {isa = PBXFileReference; lastKnownFileType = file.storyboard; name = Base; path = Base.lproj/Main.storyboard; sourceTree = "<group>"; };
		AC496DE62207C4E300FBE555 /* lifecounter2.xcdatamodel */ = {isa = PBXFileReference; lastKnownFileType = wrapper.xcdatamodel; path = lifecounter2.xcdatamodel; sourceTree = "<group>"; };
		AC496DE82207C4E500FBE555 /* Assets.xcassets */ = {isa = PBXFileReference; lastKnownFileType = folder.assetcatalog; path = Assets.xcassets; sourceTree = "<group>"; };
		AC496DEB2207C4E500FBE555 /* Base */ = {isa = PBXFileReference; lastKnownFileType = file.storyboard; name = Base; path = Base.lproj/LaunchScreen.storyboard; sourceTree = "<group>"; };
		AC496DED2207C4E500FBE555 /* Info.plist */ = {isa = PBXFileReference; lastKnownFileType = text.plist.xml; path = Info.plist; sourceTree = "<group>"; };
		AC496DF22207C4E500FBE555 /* lifecounter2Tests.xctest */ = {isa = PBXFileReference; explicitFileType = wrapper.cfbundle; includeInIndex = 0; path = lifecounter2Tests.xctest; sourceTree = BUILT_PRODUCTS_DIR; };
		AC496DF62207C4E500FBE555 /* lifecounter2Tests.swift */ = {isa = PBXFileReference; lastKnownFileType = sourcecode.swift; path = lifecounter2Tests.swift; sourceTree = "<group>"; };
		AC496DF82207C4E500FBE555 /* Info.plist */ = {isa = PBXFileReference; lastKnownFileType = text.plist.xml; path = Info.plist; sourceTree = "<group>"; };
		AC496DFD2207C4E500FBE555 /* lifecounter2UITests.xctest */ = {isa = PBXFileReference; explicitFileType = wrapper.cfbundle; includeInIndex = 0; path = lifecounter2UITests.xctest; sourceTree = BUILT_PRODUCTS_DIR; };
		AC496E012207C4E500FBE555 /* lifecounter2UITests.swift */ = {isa = PBXFileReference; lastKnownFileType = sourcecode.swift; path = lifecounter2UITests.swift; sourceTree = "<group>"; };
		AC496E032207C4E500FBE555 /* Info.plist */ = {isa = PBXFileReference; lastKnownFileType = text.plist.xml; path = Info.plist; sourceTree = "<group>"; };
		AC7677CD22080D260055D433 /* history.swift */ = {isa = PBXFileReference; lastKnownFileType = sourcecode.swift; path = history.swift; sourceTree = "<group>"; };
/* End PBXFileReference section */

/* Begin PBXFrameworksBuildPhase section */
		AC496DD82207C4E300FBE555 /* Frameworks */ = {
			isa = PBXFrameworksBuildPhase;
			buildActionMask = 2147483647;
			files = (
			);
			runOnlyForDeploymentPostprocessing = 0;
		};
		AC496DEF2207C4E500FBE555 /* Frameworks */ = {
			isa = PBXFrameworksBuildPhase;
			buildActionMask = 2147483647;
			files = (
			);
			runOnlyForDeploymentPostprocessing = 0;
		};
		AC496DFA2207C4E500FBE555 /* Frameworks */ = {
			isa = PBXFrameworksBuildPhase;
			buildActionMask = 2147483647;
			files = (
			);
			runOnlyForDeploymentPostprocessing = 0;
		};
/* End PBXFrameworksBuildPhase section */

/* Begin PBXGroup section */
		AC496DD22207C4E300FBE555 = {
			isa = PBXGroup;
			children = (
				AC496DDD2207C4E300FBE555 /* lifecounter2 */,
				AC496DF52207C4E500FBE555 /* lifecounter2Tests */,
				AC496E002207C4E500FBE555 /* lifecounter2UITests */,
				AC496DDC2207C4E300FBE555 /* Products */,
			);
			sourceTree = "<group>";
		};
		AC496DDC2207C4E300FBE555 /* Products */ = {
			isa = PBXGroup;
			children = (
				AC496DDB2207C4E300FBE555 /* lifecounter2.app */,
				AC496DF22207C4E500FBE555 /* lifecounter2Tests.xctest */,
				AC496DFD2207C4E500FBE555 /* lifecounter2UITests.xctest */,
			);
			name = Products;
			sourceTree = "<group>";
		};
		AC496DDD2207C4E300FBE555 /* lifecounter2 */ = {
			isa = PBXGroup;
			children = (
				AC496DDE2207C4E300FBE555 /* AppDelegate.swift */,
				AC496DE02207C4E300FBE555 /* ViewController.swift */,
				AC496DE22207C4E300FBE555 /* Main.storyboard */,
				AC496DE82207C4E500FBE555 /* Assets.xcassets */,
				AC496DEA2207C4E500FBE555 /* LaunchScreen.storyboard */,
				AC496DED2207C4E500FBE555 /* Info.plist */,
				AC496DE52207C4E300FBE555 /* lifecounter2.xcdatamodeld */,
				AC7677CD22080D260055D433 /* history.swift */,
			);
			path = lifecounter2;
			sourceTree = "<group>";
		};
		AC496DF52207C4E500FBE555 /* lifecounter2Tests */ = {
			isa = PBXGroup;
			children = (
				AC496DF62207C4E500FBE555 /* lifecounter2Tests.swift */,
				AC496DF82207C4E500FBE555 /* Info.plist */,
			);
			path = lifecounter2Tests;
			sourceTree = "<group>";
		};
		AC496E002207C4E500FBE555 /* lifecounter2UITests */ = {
			isa = PBXGroup;
			children = (
				AC496E012207C4E500FBE555 /* lifecounter2UITests.swift */,
				AC496E032207C4E500FBE555 /* Info.plist */,
			);
			path = lifecounter2UITests;
			sourceTree = "<group>";
		};
/* End PBXGroup section */

/* Begin PBXNativeTarget section */
		AC496DDA2207C4E300FBE555 /* lifecounter2 */ = {
			isa = PBXNativeTarget;
			buildConfigurationList = AC496E062207C4E500FBE555 /* Build configuration list for PBXNativeTarget "lifecounter2" */;
			buildPhases = (
				AC496DD72207C4E300FBE555 /* Sources */,
				AC496DD82207C4E300FBE555 /* Frameworks */,
				AC496DD92207C4E300FBE555 /* Resources */,
			);
			buildRules = (
			);
			dependencies = (
			);
			name = lifecounter2;
			productName = lifecounter2;
			productReference = AC496DDB2207C4E300FBE555 /* lifecounter2.app */;
			productType = "com.apple.product-type.application";
		};
		AC496DF12207C4E500FBE555 /* lifecounter2Tests */ = {
			isa = PBXNativeTarget;
			buildConfigurationList = AC496E092207C4E500FBE555 /* Build configuration list for PBXNativeTarget "lifecounter2Tests" */;
			buildPhases = (
				AC496DEE2207C4E500FBE555 /* Sources */,
				AC496DEF2207C4E500FBE555 /* Frameworks */,
				AC496DF02207C4E500FBE555 /* Resources */,
			);
			buildRules = (
			);
			dependencies = (
				AC496DF42207C4E500FBE555 /* PBXTargetDependency */,
			);
			name = lifecounter2Tests;
			productName = lifecounter2Tests;
			productReference = AC496DF22207C4E500FBE555 /* lifecounter2Tests.xctest */;
			productType = "com.apple.product-type.bundle.unit-test";
		};
		AC496DFC2207C4E500FBE555 /* lifecounter2UITests */ = {
			isa = PBXNativeTarget;
			buildConfigurationList = AC496E0C2207C4E500FBE555 /* Build configuration list for PBXNativeTarget "lifecounter2UITests" */;
			buildPhases = (
				AC496DF92207C4E500FBE555 /* Sources */,
				AC496DFA2207C4E500FBE555 /* Frameworks */,
				AC496DFB2207C4E500FBE555 /* Resources */,
			);
			buildRules = (
			);
			dependencies = (
				AC496DFF2207C4E500FBE555 /* PBXTargetDependency */,
			);
			name = lifecounter2UITests;
			productName = lifecounter2UITests;
			productReference = AC496DFD2207C4E500FBE555 /* lifecounter2UITests.xctest */;
			productType = "com.apple.product-type.bundle.ui-testing";
		};
/* End PBXNativeTarget section */

/* Begin PBXProject section */
		AC496DD32207C4E300FBE555 /* Project object */ = {
			isa = PBXProject;
			attributes = {
				LastSwiftUpdateCheck = 1010;
				LastUpgradeCheck = 1010;
				ORGANIZATIONNAME = "Phoebe Hu";
				TargetAttributes = {
					AC496DDA2207C4E300FBE555 = {
						CreatedOnToolsVersion = 10.1;
					};
					AC496DF12207C4E500FBE555 = {
						CreatedOnToolsVersion = 10.1;
						TestTargetID = AC496DDA2207C4E300FBE555;
					};
					AC496DFC2207C4E500FBE555 = {
						CreatedOnToolsVersion = 10.1;
						TestTargetID = AC496DDA2207C4E300FBE555;
					};
				};
			};
			buildConfigurationList = AC496DD62207C4E300FBE555 /* Build configuration list for PBXProject "lifecounter2" */;
			compatibilityVersion = "Xcode 9.3";
			developmentRegion = en;
			hasScannedForEncodings = 0;
			knownRegions = (
				en,
				Base,
			);
			mainGroup = AC496DD22207C4E300FBE555;
			productRefGroup = AC496DDC2207C4E300FBE555 /* Products */;
			projectDirPath = "";
			projectRoot = "";
			targets = (
				AC496DDA2207C4E300FBE555 /* lifecounter2 */,
				AC496DF12207C4E500FBE555 /* lifecounter2Tests */,
				AC496DFC2207C4E500FBE555 /* lifecounter2UITests */,
			);
		};
/* End PBXProject section */

/* Begin PBXResourcesBuildPhase section */
		AC496DD92207C4E300FBE555 /* Resources */ = {
			isa = PBXResourcesBuildPhase;
			buildActionMask = 2147483647;
			files = (
				AC496DEC2207C4E500FBE555 /* LaunchScreen.storyboard in Resources */,
				AC496DE92207C4E500FBE555 /* Assets.xcassets in Resources */,
				AC496DE42207C4E300FBE555 /* Main.storyboard in Resources */,
			);
			runOnlyForDeploymentPostprocessing = 0;
		};
		AC496DF02207C4E500FBE555 /* Resources */ = {
			isa = PBXResourcesBuildPhase;
			buildActionMask = 2147483647;
			files = (
			);
			runOnlyForDeploymentPostprocessing = 0;
		};
		AC496DFB2207C4E500FBE555 /* Resources */ = {
			isa = PBXResourcesBuildPhase;
			buildActionMask = 2147483647;
			files = (
			);
			runOnlyForDeploymentPostprocessing = 0;
		};
/* End PBXResourcesBuildPhase section */

/* Begin PBXSourcesBuildPhase section */
		AC496DD72207C4E300FBE555 /* Sources */ = {
			isa = PBXSourcesBuildPhase;
			buildActionMask = 2147483647;
			files = (
				AC496DE12207C4E300FBE555 /* ViewController.swift in Sources */,
				AC496DE72207C4E300FBE555 /* lifecounter2.xcdatamodeld in Sources */,
				AC7677CE22080D260055D433 /* history.swift in Sources */,
				AC496DDF2207C4E300FBE555 /* AppDelegate.swift in Sources */,
			);
			runOnlyForDeploymentPostprocessing = 0;
		};
		AC496DEE2207C4E500FBE555 /* Sources */ = {
			isa = PBXSourcesBuildPhase;
			buildActionMask = 2147483647;
			files = (
				AC496DF72207C4E500FBE555 /* lifecounter2Tests.swift in Sources */,
			);
			runOnlyForDeploymentPostprocessing = 0;
		};
		AC496DF92207C4E500FBE555 /* Sources */ = {
			isa = PBXSourcesBuildPhase;
			buildActionMask = 2147483647;
			files = (
				AC496E022207C4E500FBE555 /* lifecounter2UITests.swift in Sources */,
			);
			runOnlyForDeploymentPostprocessing = 0;
		};
/* End PBXSourcesBuildPhase section */

/* Begin PBXTargetDependency section */
		AC496DF42207C4E500FBE555 /* PBXTargetDependency */ = {
			isa = PBXTargetDependency;
			target = AC496DDA2207C4E300FBE555 /* lifecounter2 */;
			targetProxy = AC496DF32207C4E500FBE555 /* PBXContainerItemProxy */;
		};
		AC496DFF2207C4E500FBE555 /* PBXTargetDependency */ = {
			isa = PBXTargetDependency;
			target = AC496DDA2207C4E300FBE555 /* lifecounter2 */;
			targetProxy = AC496DFE2207C4E500FBE555 /* PBXContainerItemProxy */;
		};
/* End PBXTargetDependency section */

/* Begin PBXVariantGroup section */
		AC496DE22207C4E300FBE555 /* Main.storyboard */ = {
			isa = PBXVariantGroup;
			children = (
				AC496DE32207C4E300FBE555 /* Base */,
			);
			name = Main.storyboard;
			sourceTree = "<group>";
		};
		AC496DEA2207C4E500FBE555 /* LaunchScreen.storyboard */ = {
			isa = PBXVariantGroup;
			children = (
				AC496DEB2207C4E500FBE555 /* Base */,
			);
			name = LaunchScreen.storyboard;
			sourceTree = "<group>";
		};
/* End PBXVariantGroup section */

/* Begin XCBuildConfiguration section */
		AC496E042207C4E500FBE555 /* Debug */ = {
			isa = XCBuildConfiguration;
			buildSettings = {
				ALWAYS_SEARCH_USER_PATHS = NO;
				CLANG_ANALYZER_NONNULL = YES;
				CLANG_ANALYZER_NUMBER_OBJECT_CONVERSION = YES_AGGRESSIVE;
				CLANG_CXX_LANGUAGE_STANDARD = "gnu++14";
				CLANG_CXX_LIBRARY = "libc++";
				CLANG_ENABLE_MODULES = YES;
				CLANG_ENABLE_OBJC_ARC = YES;
				CLANG_ENABLE_OBJC_WEAK = YES;
				CLANG_WARN_BLOCK_CAPTURE_AUTORELEASING = YES;
				CLANG_WARN_BOOL_CONVERSION = YES;
				CLANG_WARN_COMMA = YES;
				CLANG_WARN_CONSTANT_CONVERSION = YES;
				CLANG_WARN_DEPRECATED_OBJC_IMPLEMENTATIONS = YES;
				CLANG_WARN_DIRECT_OBJC_ISA_USAGE = YES_ERROR;
				CLANG_WARN_DOCUMENTATION_COMMENTS = YES;
				CLANG_WARN_EMPTY_BODY = YES;
				CLANG_WARN_ENUM_CONVERSION = YES;
				CLANG_WARN_INFINITE_RECURSION = YES;
				CLANG_WARN_INT_CONVERSION = YES;
				CLANG_WARN_NON_LITERAL_NULL_CONVERSION = YES;
				CLANG_WARN_OBJC_IMPLICIT_RETAIN_SELF = YES;
				CLANG_WARN_OBJC_LITERAL_CONVERSION = YES;
				CLANG_WARN_OBJC_ROOT_CLASS = YES_ERROR;
				CLANG_WARN_RANGE_LOOP_ANALYSIS = YES;
				CLANG_WARN_STRICT_PROTOTYPES = YES;
				CLANG_WARN_SUSPICIOUS_MOVE = YES;
				CLANG_WARN_UNGUARDED_AVAILABILITY = YES_AGGRESSIVE;
				CLANG_WARN_UNREACHABLE_CODE = YES;
				CLANG_WARN__DUPLICATE_METHOD_MATCH = YES;
				CODE_SIGN_IDENTITY = "iPhone Developer";
				COPY_PHASE_STRIP = NO;
				DEBUG_INFORMATION_FORMAT = dwarf;
				ENABLE_STRICT_OBJC_MSGSEND = YES;
				ENABLE_TESTABILITY = YES;
				GCC_C_LANGUAGE_STANDARD = gnu11;
				GCC_DYNAMIC_NO_PIC = NO;
				GCC_NO_COMMON_BLOCKS = YES;
				GCC_OPTIMIZATION_LEVEL = 0;
				GCC_PREPROCESSOR_DEFINITIONS = (
					"DEBUG=1",
					"$(inherited)",
				);
				GCC_WARN_64_TO_32_BIT_CONVERSION = YES;
				GCC_WARN_ABOUT_RETURN_TYPE = YES_ERROR;
				GCC_WARN_UNDECLARED_SELECTOR = YES;
				GCC_WARN_UNINITIALIZED_AUTOS = YES_AGGRESSIVE;
				GCC_WARN_UNUSED_FUNCTION = YES;
				GCC_WARN_UNUSED_VARIABLE = YES;
				IPHONEOS_DEPLOYMENT_TARGET = 12.1;
				MTL_ENABLE_DEBUG_INFO = INCLUDE_SOURCE;
				MTL_FAST_MATH = YES;
				ONLY_ACTIVE_ARCH = YES;
				SDKROOT = iphoneos;
				SWIFT_ACTIVE_COMPILATION_CONDITIONS = DEBUG;
				SWIFT_OPTIMIZATION_LEVEL = "-Onone";
			};
			name = Debug;
		};
		AC496E052207C4E500FBE555 /* Release */ = {
			isa = XCBuildConfiguration;
			buildSettings = {
				ALWAYS_SEARCH_USER_PATHS = NO;
				CLANG_ANALYZER_NONNULL = YES;
				CLANG_ANALYZER_NUMBER_OBJECT_CONVERSION = YES_AGGRESSIVE;
				CLANG_CXX_LANGUAGE_STANDARD = "gnu++14";
				CLANG_CXX_LIBRARY = "libc++";
				CLANG_ENABLE_MODULES = YES;
				CLANG_ENABLE_OBJC_ARC = YES;
				CLANG_ENABLE_OBJC_WEAK = YES;
				CLANG_WARN_BLOCK_CAPTURE_AUTORELEASING = YES;
				CLANG_WARN_BOOL_CONVERSION = YES;
				CLANG_WARN_COMMA = YES;
				CLANG_WARN_CONSTANT_CONVERSION = YES;
				CLANG_WARN_DEPRECATED_OBJC_IMPLEMENTATIONS = YES;
				CLANG_WARN_DIRECT_OBJC_ISA_USAGE = YES_ERROR;
				CLANG_WARN_DOCUMENTATION_COMMENTS = YES;
				CLANG_WARN_EMPTY_BODY = YES;
				CLANG_WARN_ENUM_CONVERSION = YES;
				CLANG_WARN_INFINITE_RECURSION = YES;
				CLANG_WARN_INT_CONVERSION = YES;
				CLANG_WARN_NON_LITERAL_NULL_CONVERSION = YES;
				CLANG_WARN_OBJC_IMPLICIT_RETAIN_SELF = YES;
				CLANG_WARN_OBJC_LITERAL_CONVERSION = YES;
				CLANG_WARN_OBJC_ROOT_CLASS = YES_ERROR;
				CLANG_WARN_RANGE_LOOP_ANALYSIS = YES;
				CLANG_WARN_STRICT_PROTOTYPES = YES;
				CLANG_WARN_SUSPICIOUS_MOVE = YES;
				CLANG_WARN_UNGUARDED_AVAILABILITY = YES_AGGRESSIVE;
				CLANG_WARN_UNREACHABLE_CODE = YES;
				CLANG_WARN__DUPLICATE_METHOD_MATCH = YES;
				CODE_SIGN_IDENTITY = "iPhone Developer";
				COPY_PHASE_STRIP = NO;
				DEBUG_INFORMATION_FORMAT = "dwarf-with-dsym";
				ENABLE_NS_ASSERTIONS = NO;
				ENABLE_STRICT_OBJC_MSGSEND = YES;
				GCC_C_LANGUAGE_STANDARD = gnu11;
				GCC_NO_COMMON_BLOCKS = YES;
				GCC_WARN_64_TO_32_BIT_CONVERSION = YES;
				GCC_WARN_ABOUT_RETURN_TYPE = YES_ERROR;
				GCC_WARN_UNDECLARED_SELECTOR = YES;
				GCC_WARN_UNINITIALIZED_AUTOS = YES_AGGRESSIVE;
				GCC_WARN_UNUSED_FUNCTION = YES;
				GCC_WARN_UNUSED_VARIABLE = YES;
				IPHONEOS_DEPLOYMENT_TARGET = 12.1;
				MTL_ENABLE_DEBUG_INFO = NO;
				MTL_FAST_MATH = YES;
				SDKROOT = iphoneos;
				SWIFT_COMPILATION_MODE = wholemodule;
				SWIFT_OPTIMIZATION_LEVEL = "-O";
				VALIDATE_PRODUCT = YES;
			};
			name = Release;
		};
		AC496E072207C4E500FBE555 /* Debug */ = {
			isa = XCBuildConfiguration;
			buildSettings = {
				ASSETCATALOG_COMPILER_APPICON_NAME = AppIcon;
				CODE_SIGN_STYLE = Automatic;
				DEVELOPMENT_TEAM = PUQX9QVR29;
				INFOPLIST_FILE = lifecounter2/Info.plist;
				LD_RUNPATH_SEARCH_PATHS = (
					"$(inherited)",
					"@executable_path/Frameworks",
				);
				PRODUCT_BUNDLE_IDENTIFIER = PhoebeCo.lifecounter2;
				PRODUCT_NAME = "$(TARGET_NAME)";
				SWIFT_VERSION = 4.2;
				TARGETED_DEVICE_FAMILY = "1,2";
			};
			name = Debug;
		};
		AC496E082207C4E500FBE555 /* Release */ = {
			isa = XCBuildConfiguration;
			buildSettings = {
				ASSETCATALOG_COMPILER_APPICON_NAME = AppIcon;
				CODE_SIGN_STYLE = Automatic;
				DEVELOPMENT_TEAM = PUQX9QVR29;
				INFOPLIST_FILE = lifecounter2/Info.plist;
				LD_RUNPATH_SEARCH_PATHS = (
					"$(inherited)",
					"@executable_path/Frameworks",
				);
				PRODUCT_BUNDLE_IDENTIFIER = PhoebeCo.lifecounter2;
				PRODUCT_NAME = "$(TARGET_NAME)";
				SWIFT_VERSION = 4.2;
				TARGETED_DEVICE_FAMILY = "1,2";
			};
			name = Release;
		};
		AC496E0A2207C4E500FBE555 /* Debug */ = {
			isa = XCBuildConfiguration;
			buildSettings = {
				ALWAYS_EMBED_SWIFT_STANDARD_LIBRARIES = YES;
				BUNDLE_LOADER = "$(TEST_HOST)";
				CODE_SIGN_STYLE = Automatic;
				INFOPLIST_FILE = lifecounter2Tests/Info.plist;
				LD_RUNPATH_SEARCH_PATHS = (
					"$(inherited)",
					"@executable_path/Frameworks",
					"@loader_path/Frameworks",
				);
				PRODUCT_BUNDLE_IDENTIFIER = PhoebeCo.lifecounter2Tests;
				PRODUCT_NAME = "$(TARGET_NAME)";
				SWIFT_VERSION = 4.2;
				TARGETED_DEVICE_FAMILY = "1,2";
				TEST_HOST = "$(BUILT_PRODUCTS_DIR)/lifecounter2.app/lifecounter2";
			};
			name = Debug;
		};
		AC496E0B2207C4E500FBE555 /* Release */ = {
			isa = XCBuildConfiguration;
			buildSettings = {
				ALWAYS_EMBED_SWIFT_STANDARD_LIBRARIES = YES;
				BUNDLE_LOADER = "$(TEST_HOST)";
				CODE_SIGN_STYLE = Automatic;
				INFOPLIST_FILE = lifecounter2Tests/Info.plist;
				LD_RUNPATH_SEARCH_PATHS = (
					"$(inherited)",
					"@executable_path/Frameworks",
					"@loader_path/Frameworks",
				);
				PRODUCT_BUNDLE_IDENTIFIER = PhoebeCo.lifecounter2Tests;
				PRODUCT_NAME = "$(TARGET_NAME)";
				SWIFT_VERSION = 4.2;
				TARGETED_DEVICE_FAMILY = "1,2";
				TEST_HOST = "$(BUILT_PRODUCTS_DIR)/lifecounter2.app/lifecounter2";
			};
			name = Release;
		};
		AC496E0D2207C4E500FBE555 /* Debug */ = {
			isa = XCBuildConfiguration;
			buildSettings = {
				ALWAYS_EMBED_SWIFT_STANDARD_LIBRARIES = YES;
				CODE_SIGN_STYLE = Automatic;
				INFOPLIST_FILE = lifecounter2UITests/Info.plist;
				LD_RUNPATH_SEARCH_PATHS = (
					"$(inherited)",
					"@executable_path/Frameworks",
					"@loader_path/Frameworks",
				);
				PRODUCT_BUNDLE_IDENTIFIER = PhoebeCo.lifecounter2UITests;
				PRODUCT_NAME = "$(TARGET_NAME)";
				SWIFT_VERSION = 4.2;
				TARGETED_DEVICE_FAMILY = "1,2";
				TEST_TARGET_NAME = lifecounter2;
			};
			name = Debug;
		};
		AC496E0E2207C4E500FBE555 /* Release */ = {
			isa = XCBuildConfiguration;
			buildSettings = {
				ALWAYS_EMBED_SWIFT_STANDARD_LIBRARIES = YES;
				CODE_SIGN_STYLE = Automatic;
				INFOPLIST_FILE = lifecounter2UITests/Info.plist;
				LD_RUNPATH_SEARCH_PATHS = (
					"$(inherited)",
					"@executable_path/Frameworks",
					"@loader_path/Frameworks",
				);
				PRODUCT_BUNDLE_IDENTIFIER = PhoebeCo.lifecounter2UITests;
				PRODUCT_NAME = "$(TARGET_NAME)";
				SWIFT_VERSION = 4.2;
				TARGETED_DEVICE_FAMILY = "1,2";
				TEST_TARGET_NAME = lifecounter2;
			};
			name = Release;
		};
/* End XCBuildConfiguration section */

/* Begin XCConfigurationList section */
		AC496DD62207C4E300FBE555 /* Build configuration list for PBXProject "lifecounter2" */ = {
			isa = XCConfigurationList;
			buildConfigurations = (
				AC496E042207C4E500FBE555 /* Debug */,
				AC496E052207C4E500FBE555 /* Release */,
			);
			defaultConfigurationIsVisible = 0;
			defaultConfigurationName = Release;
		};
		AC496E062207C4E500FBE555 /* Build configuration list for PBXNativeTarget "lifecounter2" */ = {
			isa = XCConfigurationList;
			buildConfigurations = (
				AC496E072207C4E500FBE555 /* Debug */,
				AC496E082207C4E500FBE555 /* Release */,
			);
			defaultConfigurationIsVisible = 0;
			defaultConfigurationName = Release;
		};
		AC496E092207C4E500FBE555 /* Build configuration list for PBXNativeTarget "lifecounter2Tests" */ = {
			isa = XCConfigurationList;
			buildConfigurations = (
				AC496E0A2207C4E500FBE555 /* Debug */,
				AC496E0B2207C4E500FBE555 /* Release */,
			);
			defaultConfigurationIsVisible = 0;
			defaultConfigurationName = Release;
		};
		AC496E0C2207C4E500FBE555 /* Build configuration list for PBXNativeTarget "lifecounter2UITests" */ = {
			isa = XCConfigurationList;
			buildConfigurations = (
				AC496E0D2207C4E500FBE555 /* Debug */,
				AC496E0E2207C4E500FBE555 /* Release */,
			);
			defaultConfigurationIsVisible = 0;
			defaultConfigurationName = Release;
		};
/* End XCConfigurationList section */

/* Begin XCVersionGroup section */
		AC496DE52207C4E300FBE555 /* lifecounter2.xcdatamodeld */ = {
			isa = XCVersionGroup;
			children = (
				AC496DE62207C4E300FBE555 /* lifecounter2.xcdatamodel */,
			);
			currentVersion = AC496DE62207C4E300FBE555 /* lifecounter2.xcdatamodel */;
			path = lifecounter2.xcdatamodeld;
			sourceTree = "<group>";
			versionGroupType = wrapper.xcdatamodel;
		};
/* End XCVersionGroup section */
	};
	rootObject = AC496DD32207C4E300FBE555 /* Project object */;
}
